
Microsoft Visual Studio Solution File, Format Version 12.00
# Visual Studio Version 16
VisualStudioVersion = 16.0.31112.23
MinimumVisualStudioVersion = 10.0.40219.1
Project("{FAE04EC0-301F-11D3-BF4B-00C04F79EFBC}") = "projcore", "projcore\projcore.csproj", "{2ECB1AAF-DEFC-44B8-9BD0-43BBD5202744}"
EndProject
Global
	GlobalSection(SolutionConfigurationPlatforms) = preSolution
		Debug|Any CPU = Debug|Any CPU
		Release|Any CPU = Release|Any CPU
	EndGlobalSection
	GlobalSection(ProjectConfigurationPlatforms) = postSolution
		{2ECB1AAF-DEFC-44B8-9BD0-43BBD5202744}.Debug|Any CPU.ActiveCfg = Debug|Any CPU
		{2ECB1AAF-DEFC-44B8-9BD0-43BBD5202744}.Debug|Any CPU.Build.0 = Debug|Any CPU
		{2ECB1AAF-DEFC-44B8-9BD0-43BBD5202744}.Release|Any CPU.ActiveCfg = Release|Any CPU
		{2ECB1AAF-DEFC-44B8-9BD0-43BBD5202744}.Release|Any CPU.Build.0 = Release|Any CPU
	EndGlobalSection
	GlobalSection(SolutionProperties) = preSolution
		HideSolutionNode = FALSE
	EndGlobalSection
	GlobalSection(ExtensibilityGlobals) = postSolution
		SolutionGuid = {0B7E8CA7-D545-4C9A-AEA6-90451658BBE7}
	EndGlobalSection
EndGlobal
